
Microsoft Visual Studio Solution File, Format Version 12.00
# Visual Studio 14
VisualStudioVersion = 14.0.24720.0
MinimumVisualStudioVersion = 10.0.40219.1
Project("{FAE04EC0-301F-11D3-BF4B-00C04F79EFBC}") = "Task1", "Task1\Task1.csproj", "{756D2410-9B44-4FEF-B38A-8F4CF5ADEC11}"
EndProject
Project("{FAE04EC0-301F-11D3-BF4B-00C04F79EFBC}") = "Task2", "Task2\Task2.csproj", "{02BA885F-0990-4BF0-AC08-5EC18178923D}"
EndProject
Project("{FAE04EC0-301F-11D3-BF4B-00C04F79EFBC}") = "Task3", "Task3\Task3.csproj", "{03582385-1EAD-4745-B300-256CBEA365C6}"
EndProject
Project("{FAE04EC0-301F-11D3-BF4B-00C04F79EFBC}") = "TestingTasks1-3.CUI", "TestingTasks1-3.CUI\TestingTasks1-3.CUI.csproj", "{BB5653D0-F108-49A6-BF69-51655D3EE3E7}"
EndProject
Global
	GlobalSection(SolutionConfigurationPlatforms) = preSolution
		Debug|Any CPU = Debug|Any CPU
		Release|Any CPU = Release|Any CPU
	EndGlobalSection
	GlobalSection(ProjectConfigurationPlatforms) = postSolution
		{756D2410-9B44-4FEF-B38A-8F4CF5ADEC11}.Debug|Any CPU.ActiveCfg = Debug|Any CPU
		{756D2410-9B44-4FEF-B38A-8F4CF5ADEC11}.Debug|Any CPU.Build.0 = Debug|Any CPU
		{756D2410-9B44-4FEF-B38A-8F4CF5ADEC11}.Release|Any CPU.ActiveCfg = Release|Any CPU
		{756D2410-9B44-4FEF-B38A-8F4CF5ADEC11}.Release|Any CPU.Build.0 = Release|Any CPU
		{02BA885F-0990-4BF0-AC08-5EC18178923D}.Debug|Any CPU.ActiveCfg = Debug|Any CPU
		{02BA885F-0990-4BF0-AC08-5EC18178923D}.Debug|Any CPU.Build.0 = Debug|Any CPU
		{02BA885F-0990-4BF0-AC08-5EC18178923D}.Release|Any CPU.ActiveCfg = Release|Any CPU
		{02BA885F-0990-4BF0-AC08-5EC18178923D}.Release|Any CPU.Build.0 = Release|Any CPU
		{03582385-1EAD-4745-B300-256CBEA365C6}.Debug|Any CPU.ActiveCfg = Debug|Any CPU
		{03582385-1EAD-4745-B300-256CBEA365C6}.Debug|Any CPU.Build.0 = Debug|Any CPU
		{03582385-1EAD-4745-B300-256CBEA365C6}.Release|Any CPU.ActiveCfg = Release|Any CPU
		{03582385-1EAD-4745-B300-256CBEA365C6}.Release|Any CPU.Build.0 = Release|Any CPU
		{BB5653D0-F108-49A6-BF69-51655D3EE3E7}.Debug|Any CPU.ActiveCfg = Debug|Any CPU
		{BB5653D0-F108-49A6-BF69-51655D3EE3E7}.Debug|Any CPU.Build.0 = Debug|Any CPU
		{BB5653D0-F108-49A6-BF69-51655D3EE3E7}.Release|Any CPU.ActiveCfg = Release|Any CPU
		{BB5653D0-F108-49A6-BF69-51655D3EE3E7}.Release|Any CPU.Build.0 = Release|Any CPU
	EndGlobalSection
	GlobalSection(SolutionProperties) = preSolution
		HideSolutionNode = FALSE
	EndGlobalSection
EndGlobal
